
Microsoft Visual Studio Solution File, Format Version 12.00
# Visual Studio Version 17
VisualStudioVersion = 17.7.34031.279
MinimumVisualStudioVersion = 10.0.40219.1
Project("{FAE04EC0-301F-11D3-BF4B-00C04F79EFBC}") = "NotesApp", "NotesApp\NotesApp.csproj", "{C931847D-B8BF-4916-87AA-DF7C4E632942}"
EndProject
Global
	GlobalSection(SolutionConfigurationPlatforms) = preSolution
		Debug|Any CPU = Debug|Any CPU
		Release|Any CPU = Release|Any CPU
	EndGlobalSection
	GlobalSection(ProjectConfigurationPlatforms) = postSolution
		{C931847D-B8BF-4916-87AA-DF7C4E632942}.Debug|Any CPU.ActiveCfg = Debug|Any CPU
		{C931847D-B8BF-4916-87AA-DF7C4E632942}.Debug|Any CPU.Build.0 = Debug|Any CPU
		{C931847D-B8BF-4916-87AA-DF7C4E632942}.Release|Any CPU.ActiveCfg = Release|Any CPU
		{C931847D-B8BF-4916-87AA-DF7C4E632942}.Release|Any CPU.Build.0 = Release|Any CPU
	EndGlobalSection
	GlobalSection(SolutionProperties) = preSolution
		HideSolutionNode = FALSE
	EndGlobalSection
	GlobalSection(ExtensibilityGlobals) = postSolution
		SolutionGuid = {1F747052-0CD1-463E-9C12-BA88759030B8}
	EndGlobalSection
EndGlobal
